
Microsoft Visual Studio Solution File, Format Version 12.00
# Visual Studio Version 16
VisualStudioVersion = 16.0.30204.135
MinimumVisualStudioVersion = 10.0.40219.1
Project("{888888A0-9F3D-457C-B088-3A5042F75D52}") = "CandaUtils", "CandaUtils.pyproj", "{BF791122-3C74-4494-B495-24A096D58756}"
EndProject
Global
	GlobalSection(SolutionConfigurationPlatforms) = preSolution
		Debug|Any CPU = Debug|Any CPU
		Release|Any CPU = Release|Any CPU
	EndGlobalSection
	GlobalSection(ProjectConfigurationPlatforms) = postSolution
		{BF791122-3C74-4494-B495-24A096D58756}.Debug|Any CPU.ActiveCfg = Debug|Any CPU
		{BF791122-3C74-4494-B495-24A096D58756}.Release|Any CPU.ActiveCfg = Release|Any CPU
	EndGlobalSection
	GlobalSection(SolutionProperties) = preSolution
		HideSolutionNode = FALSE
	EndGlobalSection
	GlobalSection(ExtensibilityGlobals) = postSolution
		SolutionGuid = {3BF35FFB-F4C2-4333-85D2-D9472267C0EF}
	EndGlobalSection
EndGlobal
